<?xml version="1.0" encoding="utf-8"?>
<Project ToolsVersion="4.0" xmlns="http://schemas.microsoft.com/developer/msbuild/2003">
  <ItemGroup>
    <ClCompile Include="main.cpp">
      <Filter>Source Files</Filter>
    </ClCompile>
    <ClCompile Include="ObjectA.cpp">
      <Filter>Object</Filter>
    </ClCompile>
    <ClCompile Include="Serializer.cpp">
      <Filter>Source Files</Filter>
    </ClCompile>
    <ClCompile Include="ObjectB.cpp">
      <Filter>Object</Filter>
    </ClCompile>
    <ClCompile Include="ObjectC.cpp">
      <Filter>Object</Filter>
    </ClCompile>
  </ItemGroup>
  <ItemGroup>
    <ClInclude Include="Serializable.h">
      <Filter>Header Files</Filter>
    </ClInclude>
    <ClInclude Include="ObjectA.h">
      <Filter>Object</Filter>
    </ClInclude>
    <ClInclude Include="Serializer.h">
      <Filter>Source Files</Filter>
    </ClInclude>
    <ClInclude Include="ObjectB.h">
      <Filter>Object</Filter>
    </ClInclude>
    <ClInclude Include="ObjectC.h">
      <Filter>Object</Filter>
    </ClInclude>
  </ItemGroup>
  <ItemGroup>
    <Filter Include="Source Files">
      <UniqueIdentifier>{daa06c9a-c30e-4219-b42a-3223ac5e81e6}</UniqueIdentifier>
    </Filter>
    <Filter Include="Header Files">
      <UniqueIdentifier>{6e9ec435-67b3-4aa6-81c3-fc3a9a6babed}</UniqueIdentifier>
    </Filter>
    <Filter Include="Object">
      <UniqueIdentifier>{4687e88c-5743-41d0-a086-adcc174818c3}</UniqueIdentifier>
    </Filter>
  </ItemGroup>
</Project>